
Microsoft Visual Studio Solution File, Format Version 12.00
# Visual Studio Version 16
VisualStudioVersion = 16.0.29519.87
MinimumVisualStudioVersion = 10.0.40219.1
Project("{FAE04EC0-301F-11D3-BF4B-00C04F79EFBC}") = "BankRestFulApp", "BankRestFulApp\BankRestFulApp.csproj", "{13F8EF5A-5539-493E-9AF1-FB6BB6FFA617}"
EndProject
Project("{FAE04EC0-301F-11D3-BF4B-00C04F79EFBC}") = "DBModels", "DBModels\DBModels.csproj", "{D769248A-E127-4FAA-A8A9-BA3FFBE76E84}"
EndProject
Global
	GlobalSection(SolutionConfigurationPlatforms) = preSolution
		Debug|Any CPU = Debug|Any CPU
		Release|Any CPU = Release|Any CPU
	EndGlobalSection
	GlobalSection(ProjectConfigurationPlatforms) = postSolution
		{13F8EF5A-5539-493E-9AF1-FB6BB6FFA617}.Debug|Any CPU.ActiveCfg = Debug|Any CPU
		{13F8EF5A-5539-493E-9AF1-FB6BB6FFA617}.Debug|Any CPU.Build.0 = Debug|Any CPU
		{13F8EF5A-5539-493E-9AF1-FB6BB6FFA617}.Release|Any CPU.ActiveCfg = Release|Any CPU
		{13F8EF5A-5539-493E-9AF1-FB6BB6FFA617}.Release|Any CPU.Build.0 = Release|Any CPU
		{D769248A-E127-4FAA-A8A9-BA3FFBE76E84}.Debug|Any CPU.ActiveCfg = Debug|Any CPU
		{D769248A-E127-4FAA-A8A9-BA3FFBE76E84}.Debug|Any CPU.Build.0 = Debug|Any CPU
		{D769248A-E127-4FAA-A8A9-BA3FFBE76E84}.Release|Any CPU.ActiveCfg = Release|Any CPU
		{D769248A-E127-4FAA-A8A9-BA3FFBE76E84}.Release|Any CPU.Build.0 = Release|Any CPU
	EndGlobalSection
	GlobalSection(SolutionProperties) = preSolution
		HideSolutionNode = FALSE
	EndGlobalSection
	GlobalSection(ExtensibilityGlobals) = postSolution
		SolutionGuid = {7D97C38E-9A4E-462C-950F-FAFCBC24E313}
	EndGlobalSection
EndGlobal
